
Microsoft Visual Studio Solution File, Format Version 12.00
# Visual Studio 2013
VisualStudioVersion = 12.0.31101.0
MinimumVisualStudioVersion = 10.0.40219.1
Project("{FAE04EC0-301F-11D3-BF4B-00C04F79EFBC}") = "SumServer", "Projects\SumServer\SumServer.csproj", "{A6970A25-7793-44F1-9E3A-CEC3EB467971}"
EndProject
Project("{FAE04EC0-301F-11D3-BF4B-00C04F79EFBC}") = "SumWebApplication", "Projects\SumWebApplication\SumWebApplication.csproj", "{020B2029-27C2-400E-82D0-279B708C7835}"
EndProject
Global
	GlobalSection(SolutionConfigurationPlatforms) = preSolution
		Debug|Any CPU = Debug|Any CPU
		Release|Any CPU = Release|Any CPU
	EndGlobalSection
	GlobalSection(ProjectConfigurationPlatforms) = postSolution
		{A6970A25-7793-44F1-9E3A-CEC3EB467971}.Debug|Any CPU.ActiveCfg = Debug|Any CPU
		{A6970A25-7793-44F1-9E3A-CEC3EB467971}.Debug|Any CPU.Build.0 = Debug|Any CPU
		{A6970A25-7793-44F1-9E3A-CEC3EB467971}.Release|Any CPU.ActiveCfg = Release|Any CPU
		{A6970A25-7793-44F1-9E3A-CEC3EB467971}.Release|Any CPU.Build.0 = Release|Any CPU
		{020B2029-27C2-400E-82D0-279B708C7835}.Debug|Any CPU.ActiveCfg = Debug|Any CPU
		{020B2029-27C2-400E-82D0-279B708C7835}.Debug|Any CPU.Build.0 = Debug|Any CPU
		{020B2029-27C2-400E-82D0-279B708C7835}.Release|Any CPU.ActiveCfg = Release|Any CPU
		{020B2029-27C2-400E-82D0-279B708C7835}.Release|Any CPU.Build.0 = Release|Any CPU
	EndGlobalSection
	GlobalSection(SolutionProperties) = preSolution
		HideSolutionNode = FALSE
	EndGlobalSection
EndGlobal
